
Microsoft Visual Studio Solution File, Format Version 12.00
# Visual Studio 15
VisualStudioVersion = 15.0.26430.15
MinimumVisualStudioVersion = 10.0.40219.1
Project("{2150E333-8FDC-42A3-9474-1A3956D46DE8}") = "Solution Files", "Solution Files", "{F2A567C3-CBAF-4FE4-8ADD-71541F22C9EA}"
	ProjectSection(SolutionItems) = preProject
		..\README.md = ..\README.md
		..\NuGet.config = ..\NuGet.config
	EndProjectSection
EndProject
Project("{FAE04EC0-301F-11D3-BF4B-00C04F79EFBC}") = "NuSearch.Web", "NuSearch.Web\NuSearch.Web.csproj", "{A948E26F-D5C8-410C-B9EE-525310776EB5}"
EndProject
Project("{FAE04EC0-301F-11D3-BF4B-00C04F79EFBC}") = "NuSearch.Domain", "NuSearch.Domain\NuSearch.Domain.csproj", "{4600C0EC-55E3-461F-8542-C727B0EA0B44}"
EndProject
Project("{FAE04EC0-301F-11D3-BF4B-00C04F79EFBC}") = "NuSearch.Harvester", "NuSearch.Harvester\NuSearch.Harvester.csproj", "{9C033D14-AD9A-4978-87E1-1B4D68B164BE}"
EndProject
Project("{FAE04EC0-301F-11D3-BF4B-00C04F79EFBC}") = "NuSearch.Indexer", "NuSearch.Indexer\NuSearch.Indexer.csproj", "{1CE13B24-46F6-4CE3-9383-C7708C1F3B28}"
EndProject
Global
	GlobalSection(SolutionConfigurationPlatforms) = preSolution
		Debug|Any CPU = Debug|Any CPU
		Release|Any CPU = Release|Any CPU
	EndGlobalSection
	GlobalSection(ProjectConfigurationPlatforms) = postSolution
		{A948E26F-D5C8-410C-B9EE-525310776EB5}.Debug|Any CPU.ActiveCfg = Debug|Any CPU
		{A948E26F-D5C8-410C-B9EE-525310776EB5}.Debug|Any CPU.Build.0 = Debug|Any CPU
		{A948E26F-D5C8-410C-B9EE-525310776EB5}.Release|Any CPU.ActiveCfg = Release|Any CPU
		{A948E26F-D5C8-410C-B9EE-525310776EB5}.Release|Any CPU.Build.0 = Release|Any CPU
		{4600C0EC-55E3-461F-8542-C727B0EA0B44}.Debug|Any CPU.ActiveCfg = Debug|Any CPU
		{4600C0EC-55E3-461F-8542-C727B0EA0B44}.Debug|Any CPU.Build.0 = Debug|Any CPU
		{4600C0EC-55E3-461F-8542-C727B0EA0B44}.Release|Any CPU.ActiveCfg = Release|Any CPU
		{4600C0EC-55E3-461F-8542-C727B0EA0B44}.Release|Any CPU.Build.0 = Release|Any CPU
		{9C033D14-AD9A-4978-87E1-1B4D68B164BE}.Debug|Any CPU.ActiveCfg = Debug|Any CPU
		{9C033D14-AD9A-4978-87E1-1B4D68B164BE}.Debug|Any CPU.Build.0 = Debug|Any CPU
		{9C033D14-AD9A-4978-87E1-1B4D68B164BE}.Release|Any CPU.ActiveCfg = Release|Any CPU
		{9C033D14-AD9A-4978-87E1-1B4D68B164BE}.Release|Any CPU.Build.0 = Release|Any CPU
		{1CE13B24-46F6-4CE3-9383-C7708C1F3B28}.Debug|Any CPU.ActiveCfg = Debug|Any CPU
		{1CE13B24-46F6-4CE3-9383-C7708C1F3B28}.Debug|Any CPU.Build.0 = Debug|Any CPU
		{1CE13B24-46F6-4CE3-9383-C7708C1F3B28}.Release|Any CPU.ActiveCfg = Release|Any CPU
		{1CE13B24-46F6-4CE3-9383-C7708C1F3B28}.Release|Any CPU.Build.0 = Release|Any CPU
	EndGlobalSection
	GlobalSection(SolutionProperties) = preSolution
		HideSolutionNode = FALSE
	EndGlobalSection
EndGlobal
